
Microsoft Visual Studio Solution File, Format Version 12.00
Project("{FAE04EC0-301F-11D3-BF4B-00C04F79EFBC}") = "Retlang.Net", "Retlang.Net\Retlang.Net.csproj", "{61F9597F-8F3B-4C2D-931A-C23B42F00FB4}"
EndProject
Global
	GlobalSection(SolutionConfigurationPlatforms) = preSolution
		Debug|Any CPU = Debug|Any CPU
		Release|Any CPU = Release|Any CPU
	EndGlobalSection
	GlobalSection(ProjectConfigurationPlatforms) = postSolution
		{61F9597F-8F3B-4C2D-931A-C23B42F00FB4}.Debug|Any CPU.ActiveCfg = Debug|Any CPU
		{61F9597F-8F3B-4C2D-931A-C23B42F00FB4}.Debug|Any CPU.Build.0 = Debug|Any CPU
		{61F9597F-8F3B-4C2D-931A-C23B42F00FB4}.Release|Any CPU.ActiveCfg = Release|Any CPU
		{61F9597F-8F3B-4C2D-931A-C23B42F00FB4}.Release|Any CPU.Build.0 = Release|Any CPU
	EndGlobalSection
EndGlobal
